
Microsoft Visual Studio Solution File, Format Version 12.00
# Visual Studio Version 16
VisualStudioVersion = 16.0.31205.134
MinimumVisualStudioVersion = 10.0.40219.1
Project("{8BC9CEB8-8B4A-11D0-8D11-00A0C91BC942}") = "1-1", "1-2C++\1-2C++.vcxproj", "{E46B187B-69F5-4642-80D8-5A744DFE312F}"
EndProject
Project("{8BC9CEB8-8B4A-11D0-8D11-00A0C91BC942}") = "1-2", "1-2\1-2.vcxproj", "{40CBBE23-A944-4569-BA28-F14E018F5C63}"
EndProject
Project("{8BC9CEB8-8B4A-11D0-8D11-00A0C91BC942}") = "Test1-3", "Test1-3\Test1-3.vcxproj", "{5E22F50E-7CE5-4BE0-A3AC-572A8A9A283D}"
EndProject
Project("{8BC9CEB8-8B4A-11D0-8D11-00A0C91BC942}") = "2-1", "2-1\2-1.vcxproj", "{E10E5036-C72E-4F61-971E-1A19002292C7}"
EndProject
Project("{8BC9CEB8-8B4A-11D0-8D11-00A0C91BC942}") = "2-2", "2-2\2-2.vcxproj", "{426EE2A8-34EF-4251-A108-BEE9CB9580AA}"
EndProject
Project("{8BC9CEB8-8B4A-11D0-8D11-00A0C91BC942}") = "2-3", "2-3\2-3.vcxproj", "{E93F3151-9558-408F-97E2-18001905DEAA}"
EndProject
Project("{8BC9CEB8-8B4A-11D0-8D11-00A0C91BC942}") = "2-9", "2-9\2-9.vcxproj", "{7817DE0E-A875-4605-A1E2-7E20F61A9E87}"
EndProject
Project("{8BC9CEB8-8B4A-11D0-8D11-00A0C91BC942}") = "2-10", "2-10\2-10.vcxproj", "{8A0CCF67-F1D2-4A1A-A651-43A6B9BF14E4}"
EndProject
Project("{8BC9CEB8-8B4A-11D0-8D11-00A0C91BC942}") = "2-11", "2-11\2-11.vcxproj", "{A9433F32-BFBF-4B8D-87CA-16BD38CD4256}"
EndProject
Project("{8BC9CEB8-8B4A-11D0-8D11-00A0C91BC942}") = "2-12", "2-12\2-12.vcxproj", "{4B5D3C74-C38A-4FCF-A63E-1967527F7FA8}"
EndProject
Project("{8BC9CEB8-8B4A-11D0-8D11-00A0C91BC942}") = "2-13", "2-13\2-13.vcxproj", "{A22D0DCC-6062-4B2D-AACA-D9C34598AA32}"
EndProject
Project("{8BC9CEB8-8B4A-11D0-8D11-00A0C91BC942}") = "2-14", "2-14\2-14.vcxproj", "{D592E70F-4E21-4F39-A08F-F570A6815719}"
EndProject
Project("{8BC9CEB8-8B4A-11D0-8D11-00A0C91BC942}") = "3-1", "3-1\3-1.vcxproj", "{6AD452D8-A56C-411D-A9C7-F87AE95CA978}"
EndProject
Project("{8BC9CEB8-8B4A-11D0-8D11-00A0C91BC942}") = "3-2", "3-2\3-2.vcxproj", "{47E62A9A-B15B-411C-986B-DED4CEF051F6}"
EndProject
Project("{8BC9CEB8-8B4A-11D0-8D11-00A0C91BC942}") = "3-3", "3-3\3-3.vcxproj", "{11007AF4-4909-4C27-B302-E724D8347AD6}"
EndProject
Project("{8BC9CEB8-8B4A-11D0-8D11-00A0C91BC942}") = "3-4", "3-4\3-4.vcxproj", "{5F986B02-2425-4A50-9641-6D7E5592DF21}"
EndProject
Project("{8BC9CEB8-8B4A-11D0-8D11-00A0C91BC942}") = "3-5", "3-5\3-5.vcxproj", "{BC7B6BED-8BD9-46E1-B5CE-31130F930ECC}"
EndProject
Project("{8BC9CEB8-8B4A-11D0-8D11-00A0C91BC942}") = "3-6", "3-6\3-6.vcxproj", "{46C3560E-83F2-441C-9AF5-8E4A087AAE9E}"
EndProject
Project("{8BC9CEB8-8B4A-11D0-8D11-00A0C91BC942}") = "3-8", "3-8\3-8.vcxproj", "{FB1C89D8-F92B-42E2-B4F2-A57D7111FC05}"
EndProject
Project("{8BC9CEB8-8B4A-11D0-8D11-00A0C91BC942}") = "3-9", "3-9\3-9.vcxproj", "{7B7810C9-561D-4B74-8974-75E65140927C}"
EndProject
Project("{8BC9CEB8-8B4A-11D0-8D11-00A0C91BC942}") = "3-10", "3-10\3-10.vcxproj", "{BFEE58AC-E04A-4DB5-8586-EC6DE8ADB772}"
EndProject
Project("{8BC9CEB8-8B4A-11D0-8D11-00A0C91BC942}") = "4-1", "4-1\4-1.vcxproj", "{F6785408-53E1-4A28-AEFC-53947F943313}"
EndProject
Project("{8BC9CEB8-8B4A-11D0-8D11-00A0C91BC942}") = "4-2", "4-2\4-2.vcxproj", "{B49B1FD7-A403-4821-B927-8DB27CD3B4FB}"
EndProject
Global
	GlobalSection(SolutionConfigurationPlatforms) = preSolution
		Debug|x64 = Debug|x64
		Debug|x86 = Debug|x86
		Release|x64 = Release|x64
		Release|x86 = Release|x86
	EndGlobalSection
	GlobalSection(ProjectConfigurationPlatforms) = postSolution
		{E46B187B-69F5-4642-80D8-5A744DFE312F}.Debug|x64.ActiveCfg = Debug|x64
		{E46B187B-69F5-4642-80D8-5A744DFE312F}.Debug|x64.Build.0 = Debug|x64
		{E46B187B-69F5-4642-80D8-5A744DFE312F}.Debug|x86.ActiveCfg = Debug|Win32
		{E46B187B-69F5-4642-80D8-5A744DFE312F}.Debug|x86.Build.0 = Debug|Win32
		{E46B187B-69F5-4642-80D8-5A744DFE312F}.Release|x64.ActiveCfg = Release|x64
		{E46B187B-69F5-4642-80D8-5A744DFE312F}.Release|x64.Build.0 = Release|x64
		{E46B187B-69F5-4642-80D8-5A744DFE312F}.Release|x86.ActiveCfg = Release|Win32
		{E46B187B-69F5-4642-80D8-5A744DFE312F}.Release|x86.Build.0 = Release|Win32
		{40CBBE23-A944-4569-BA28-F14E018F5C63}.Debug|x64.ActiveCfg = Debug|x64
		{40CBBE23-A944-4569-BA28-F14E018F5C63}.Debug|x64.Build.0 = Debug|x64
		{40CBBE23-A944-4569-BA28-F14E018F5C63}.Debug|x86.ActiveCfg = Debug|Win32
		{40CBBE23-A944-4569-BA28-F14E018F5C63}.Debug|x86.Build.0 = Debug|Win32
		{40CBBE23-A944-4569-BA28-F14E018F5C63}.Release|x64.ActiveCfg = Release|x64
		{40CBBE23-A944-4569-BA28-F14E018F5C63}.Release|x64.Build.0 = Release|x64
		{40CBBE23-A944-4569-BA28-F14E018F5C63}.Release|x86.ActiveCfg = Release|Win32
		{40CBBE23-A944-4569-BA28-F14E018F5C63}.Release|x86.Build.0 = Release|Win32
		{5E22F50E-7CE5-4BE0-A3AC-572A8A9A283D}.Debug|x64.ActiveCfg = Debug|x64
		{5E22F50E-7CE5-4BE0-A3AC-572A8A9A283D}.Debug|x64.Build.0 = Debug|x64
		{5E22F50E-7CE5-4BE0-A3AC-572A8A9A283D}.Debug|x86.ActiveCfg = Debug|Win32
		{5E22F50E-7CE5-4BE0-A3AC-572A8A9A283D}.Debug|x86.Build.0 = Debug|Win32
		{5E22F50E-7CE5-4BE0-A3AC-572A8A9A283D}.Release|x64.ActiveCfg = Release|x64
		{5E22F50E-7CE5-4BE0-A3AC-572A8A9A283D}.Release|x64.Build.0 = Release|x64
		{5E22F50E-7CE5-4BE0-A3AC-572A8A9A283D}.Release|x86.ActiveCfg = Release|Win32
		{5E22F50E-7CE5-4BE0-A3AC-572A8A9A283D}.Release|x86.Build.0 = Release|Win32
		{E10E5036-C72E-4F61-971E-1A19002292C7}.Debug|x64.ActiveCfg = Debug|x64
		{E10E5036-C72E-4F61-971E-1A19002292C7}.Debug|x64.Build.0 = Debug|x64
		{E10E5036-C72E-4F61-971E-1A19002292C7}.Debug|x86.ActiveCfg = Debug|Win32
		{E10E5036-C72E-4F61-971E-1A19002292C7}.Debug|x86.Build.0 = Debug|Win32
		{E10E5036-C72E-4F61-971E-1A19002292C7}.Release|x64.ActiveCfg = Release|x64
		{E10E5036-C72E-4F61-971E-1A19002292C7}.Release|x64.Build.0 = Release|x64
		{E10E5036-C72E-4F61-971E-1A19002292C7}.Release|x86.ActiveCfg = Release|Win32
		{E10E5036-C72E-4F61-971E-1A19002292C7}.Release|x86.Build.0 = Release|Win32
		{426EE2A8-34EF-4251-A108-BEE9CB9580AA}.Debug|x64.ActiveCfg = Debug|x64
		{426EE2A8-34EF-4251-A108-BEE9CB9580AA}.Debug|x64.Build.0 = Debug|x64
		{426EE2A8-34EF-4251-A108-BEE9CB9580AA}.Debug|x86.ActiveCfg = Debug|Win32
		{426EE2A8-34EF-4251-A108-BEE9CB9580AA}.Debug|x86.Build.0 = Debug|Win32
		{426EE2A8-34EF-4251-A108-BEE9CB9580AA}.Release|x64.ActiveCfg = Release|x64
		{426EE2A8-34EF-4251-A108-BEE9CB9580AA}.Release|x64.Build.0 = Release|x64
		{426EE2A8-34EF-4251-A108-BEE9CB9580AA}.Release|x86.ActiveCfg = Release|Win32
		{426EE2A8-34EF-4251-A108-BEE9CB9580AA}.Release|x86.Build.0 = Release|Win32
		{E93F3151-9558-408F-97E2-18001905DEAA}.Debug|x64.ActiveCfg = Debug|x64
		{E93F3151-9558-408F-97E2-18001905DEAA}.Debug|x64.Build.0 = Debug|x64
		{E93F3151-9558-408F-97E2-18001905DEAA}.Debug|x86.ActiveCfg = Debug|Win32
		{E93F3151-9558-408F-97E2-18001905DEAA}.Debug|x86.Build.0 = Debug|Win32
		{E93F3151-9558-408F-97E2-18001905DEAA}.Release|x64.ActiveCfg = Release|x64
		{E93F3151-9558-408F-97E2-18001905DEAA}.Release|x64.Build.0 = Release|x64
		{E93F3151-9558-408F-97E2-18001905DEAA}.Release|x86.ActiveCfg = Release|Win32
		{E93F3151-9558-408F-97E2-18001905DEAA}.Release|x86.Build.0 = Release|Win32
		{7817DE0E-A875-4605-A1E2-7E20F61A9E87}.Debug|x64.ActiveCfg = Debug|x64
		{7817DE0E-A875-4605-A1E2-7E20F61A9E87}.Debug|x64.Build.0 = Debug|x64
		{7817DE0E-A875-4605-A1E2-7E20F61A9E87}.Debug|x86.ActiveCfg = Debug|Win32
		{7817DE0E-A875-4605-A1E2-7E20F61A9E87}.Debug|x86.Build.0 = Debug|Win32
		{7817DE0E-A875-4605-A1E2-7E20F61A9E87}.Release|x64.ActiveCfg = Release|x64
		{7817DE0E-A875-4605-A1E2-7E20F61A9E87}.Release|x64.Build.0 = Release|x64
		{7817DE0E-A875-4605-A1E2-7E20F61A9E87}.Release|x86.ActiveCfg = Release|Win32
		{7817DE0E-A875-4605-A1E2-7E20F61A9E87}.Release|x86.Build.0 = Release|Win32
		{8A0CCF67-F1D2-4A1A-A651-43A6B9BF14E4}.Debug|x64.ActiveCfg = Debug|x64
		{8A0CCF67-F1D2-4A1A-A651-43A6B9BF14E4}.Debug|x64.Build.0 = Debug|x64
		{8A0CCF67-F1D2-4A1A-A651-43A6B9BF14E4}.Debug|x86.ActiveCfg = Debug|Win32
		{8A0CCF67-F1D2-4A1A-A651-43A6B9BF14E4}.Debug|x86.Build.0 = Debug|Win32
		{8A0CCF67-F1D2-4A1A-A651-43A6B9BF14E4}.Release|x64.ActiveCfg = Release|x64
		{8A0CCF67-F1D2-4A1A-A651-43A6B9BF14E4}.Release|x64.Build.0 = Release|x64
		{8A0CCF67-F1D2-4A1A-A651-43A6B9BF14E4}.Release|x86.ActiveCfg = Release|Win32
		{8A0CCF67-F1D2-4A1A-A651-43A6B9BF14E4}.Release|x86.Build.0 = Release|Win32
		{A9433F32-BFBF-4B8D-87CA-16BD38CD4256}.Debug|x64.ActiveCfg = Debug|x64
		{A9433F32-BFBF-4B8D-87CA-16BD38CD4256}.Debug|x64.Build.0 = Debug|x64
		{A9433F32-BFBF-4B8D-87CA-16BD38CD4256}.Debug|x86.ActiveCfg = Debug|Win32
		{A9433F32-BFBF-4B8D-87CA-16BD38CD4256}.Debug|x86.Build.0 = Debug|Win32
		{A9433F32-BFBF-4B8D-87CA-16BD38CD4256}.Release|x64.ActiveCfg = Release|x64
		{A9433F32-BFBF-4B8D-87CA-16BD38CD4256}.Release|x64.Build.0 = Release|x64
		{A9433F32-BFBF-4B8D-87CA-16BD38CD4256}.Release|x86.ActiveCfg = Release|Win32
		{A9433F32-BFBF-4B8D-87CA-16BD38CD4256}.Release|x86.Build.0 = Release|Win32
		{4B5D3C74-C38A-4FCF-A63E-1967527F7FA8}.Debug|x64.ActiveCfg = Debug|x64
		{4B5D3C74-C38A-4FCF-A63E-1967527F7FA8}.Debug|x64.Build.0 = Debug|x64
		{4B5D3C74-C38A-4FCF-A63E-1967527F7FA8}.Debug|x86.ActiveCfg = Debug|Win32
		{4B5D3C74-C38A-4FCF-A63E-1967527F7FA8}.Debug|x86.Build.0 = Debug|Win32
		{4B5D3C74-C38A-4FCF-A63E-1967527F7FA8}.Release|x64.ActiveCfg = Release|x64
		{4B5D3C74-C38A-4FCF-A63E-1967527F7FA8}.Release|x64.Build.0 = Release|x64
		{4B5D3C74-C38A-4FCF-A63E-1967527F7FA8}.Release|x86.ActiveCfg = Release|Win32
		{4B5D3C74-C38A-4FCF-A63E-1967527F7FA8}.Release|x86.Build.0 = Release|Win32
		{A22D0DCC-6062-4B2D-AACA-D9C34598AA32}.Debug|x64.ActiveCfg = Debug|x64
		{A22D0DCC-6062-4B2D-AACA-D9C34598AA32}.Debug|x64.Build.0 = Debug|x64
		{A22D0DCC-6062-4B2D-AACA-D9C34598AA32}.Debug|x86.ActiveCfg = Debug|Win32
		{A22D0DCC-6062-4B2D-AACA-D9C34598AA32}.Debug|x86.Build.0 = Debug|Win32
		{A22D0DCC-6062-4B2D-AACA-D9C34598AA32}.Release|x64.ActiveCfg = Release|x64
		{A22D0DCC-6062-4B2D-AACA-D9C34598AA32}.Release|x64.Build.0 = Release|x64
		{A22D0DCC-6062-4B2D-AACA-D9C34598AA32}.Release|x86.ActiveCfg = Release|Win32
		{A22D0DCC-6062-4B2D-AACA-D9C34598AA32}.Release|x86.Build.0 = Release|Win32
		{D592E70F-4E21-4F39-A08F-F570A6815719}.Debug|x64.ActiveCfg = Debug|x64
		{D592E70F-4E21-4F39-A08F-F570A6815719}.Debug|x64.Build.0 = Debug|x64
		{D592E70F-4E21-4F39-A08F-F570A6815719}.Debug|x86.ActiveCfg = Debug|Win32
		{D592E70F-4E21-4F39-A08F-F570A6815719}.Debug|x86.Build.0 = Debug|Win32
		{D592E70F-4E21-4F39-A08F-F570A6815719}.Release|x64.ActiveCfg = Release|x64
		{D592E70F-4E21-4F39-A08F-F570A6815719}.Release|x64.Build.0 = Release|x64
		{D592E70F-4E21-4F39-A08F-F570A6815719}.Release|x86.ActiveCfg = Release|Win32
		{D592E70F-4E21-4F39-A08F-F570A6815719}.Release|x86.Build.0 = Release|Win32
		{6AD452D8-A56C-411D-A9C7-F87AE95CA978}.Debug|x64.ActiveCfg = Debug|x64
		{6AD452D8-A56C-411D-A9C7-F87AE95CA978}.Debug|x64.Build.0 = Debug|x64
		{6AD452D8-A56C-411D-A9C7-F87AE95CA978}.Debug|x86.ActiveCfg = Debug|Win32
		{6AD452D8-A56C-411D-A9C7-F87AE95CA978}.Debug|x86.Build.0 = Debug|Win32
		{6AD452D8-A56C-411D-A9C7-F87AE95CA978}.Release|x64.ActiveCfg = Release|x64
		{6AD452D8-A56C-411D-A9C7-F87AE95CA978}.Release|x64.Build.0 = Release|x64
		{6AD452D8-A56C-411D-A9C7-F87AE95CA978}.Release|x86.ActiveCfg = Release|Win32
		{6AD452D8-A56C-411D-A9C7-F87AE95CA978}.Release|x86.Build.0 = Release|Win32
		{47E62A9A-B15B-411C-986B-DED4CEF051F6}.Debug|x64.ActiveCfg = Debug|x64
		{47E62A9A-B15B-411C-986B-DED4CEF051F6}.Debug|x64.Build.0 = Debug|x64
		{47E62A9A-B15B-411C-986B-DED4CEF051F6}.Debug|x86.ActiveCfg = Debug|Win32
		{47E62A9A-B15B-411C-986B-DED4CEF051F6}.Debug|x86.Build.0 = Debug|Win32
		{47E62A9A-B15B-411C-986B-DED4CEF051F6}.Release|x64.ActiveCfg = Release|x64
		{47E62A9A-B15B-411C-986B-DED4CEF051F6}.Release|x64.Build.0 = Release|x64
		{47E62A9A-B15B-411C-986B-DED4CEF051F6}.Release|x86.ActiveCfg = Release|Win32
		{47E62A9A-B15B-411C-986B-DED4CEF051F6}.Release|x86.Build.0 = Release|Win32
		{11007AF4-4909-4C27-B302-E724D8347AD6}.Debug|x64.ActiveCfg = Debug|x64
		{11007AF4-4909-4C27-B302-E724D8347AD6}.Debug|x64.Build.0 = Debug|x64
		{11007AF4-4909-4C27-B302-E724D8347AD6}.Debug|x86.ActiveCfg = Debug|Win32
		{11007AF4-4909-4C27-B302-E724D8347AD6}.Debug|x86.Build.0 = Debug|Win32
		{11007AF4-4909-4C27-B302-E724D8347AD6}.Release|x64.ActiveCfg = Release|x64
		{11007AF4-4909-4C27-B302-E724D8347AD6}.Release|x64.Build.0 = Release|x64
		{11007AF4-4909-4C27-B302-E724D8347AD6}.Release|x86.ActiveCfg = Release|Win32
		{11007AF4-4909-4C27-B302-E724D8347AD6}.Release|x86.Build.0 = Release|Win32
		{5F986B02-2425-4A50-9641-6D7E5592DF21}.Debug|x64.ActiveCfg = Debug|x64
		{5F986B02-2425-4A50-9641-6D7E5592DF21}.Debug|x64.Build.0 = Debug|x64
		{5F986B02-2425-4A50-9641-6D7E5592DF21}.Debug|x86.ActiveCfg = Debug|Win32
		{5F986B02-2425-4A50-9641-6D7E5592DF21}.Debug|x86.Build.0 = Debug|Win32
		{5F986B02-2425-4A50-9641-6D7E5592DF21}.Release|x64.ActiveCfg = Release|x64
		{5F986B02-2425-4A50-9641-6D7E5592DF21}.Release|x64.Build.0 = Release|x64
		{5F986B02-2425-4A50-9641-6D7E5592DF21}.Release|x86.ActiveCfg = Release|Win32
		{5F986B02-2425-4A50-9641-6D7E5592DF21}.Release|x86.Build.0 = Release|Win32
		{BC7B6BED-8BD9-46E1-B5CE-31130F930ECC}.Debug|x64.ActiveCfg = Debug|x64
		{BC7B6BED-8BD9-46E1-B5CE-31130F930ECC}.Debug|x64.Build.0 = Debug|x64
		{BC7B6BED-8BD9-46E1-B5CE-31130F930ECC}.Debug|x86.ActiveCfg = Debug|Win32
		{BC7B6BED-8BD9-46E1-B5CE-31130F930ECC}.Debug|x86.Build.0 = Debug|Win32
		{BC7B6BED-8BD9-46E1-B5CE-31130F930ECC}.Release|x64.ActiveCfg = Release|x64
		{BC7B6BED-8BD9-46E1-B5CE-31130F930ECC}.Release|x64.Build.0 = Release|x64
		{BC7B6BED-8BD9-46E1-B5CE-31130F930ECC}.Release|x86.ActiveCfg = Release|Win32
		{BC7B6BED-8BD9-46E1-B5CE-31130F930ECC}.Release|x86.Build.0 = Release|Win32
		{46C3560E-83F2-441C-9AF5-8E4A087AAE9E}.Debug|x64.ActiveCfg = Debug|x64
		{46C3560E-83F2-441C-9AF5-8E4A087AAE9E}.Debug|x64.Build.0 = Debug|x64
		{46C3560E-83F2-441C-9AF5-8E4A087AAE9E}.Debug|x86.ActiveCfg = Debug|Win32
		{46C3560E-83F2-441C-9AF5-8E4A087AAE9E}.Debug|x86.Build.0 = Debug|Win32
		{46C3560E-83F2-441C-9AF5-8E4A087AAE9E}.Release|x64.ActiveCfg = Release|x64
		{46C3560E-83F2-441C-9AF5-8E4A087AAE9E}.Release|x64.Build.0 = Release|x64
		{46C3560E-83F2-441C-9AF5-8E4A087AAE9E}.Release|x86.ActiveCfg = Release|Win32
		{46C3560E-83F2-441C-9AF5-8E4A087AAE9E}.Release|x86.Build.0 = Release|Win32
		{FB1C89D8-F92B-42E2-B4F2-A57D7111FC05}.Debug|x64.ActiveCfg = Debug|x64
		{FB1C89D8-F92B-42E2-B4F2-A57D7111FC05}.Debug|x64.Build.0 = Debug|x64
		{FB1C89D8-F92B-42E2-B4F2-A57D7111FC05}.Debug|x86.ActiveCfg = Debug|Win32
		{FB1C89D8-F92B-42E2-B4F2-A57D7111FC05}.Debug|x86.Build.0 = Debug|Win32
		{FB1C89D8-F92B-42E2-B4F2-A57D7111FC05}.Release|x64.ActiveCfg = Release|x64
		{FB1C89D8-F92B-42E2-B4F2-A57D7111FC05}.Release|x64.Build.0 = Release|x64
		{FB1C89D8-F92B-42E2-B4F2-A57D7111FC05}.Release|x86.ActiveCfg = Release|Win32
		{FB1C89D8-F92B-42E2-B4F2-A57D7111FC05}.Release|x86.Build.0 = Release|Win32
		{7B7810C9-561D-4B74-8974-75E65140927C}.Debug|x64.ActiveCfg = Debug|x64
		{7B7810C9-561D-4B74-8974-75E65140927C}.Debug|x64.Build.0 = Debug|x64
		{7B7810C9-561D-4B74-8974-75E65140927C}.Debug|x86.ActiveCfg = Debug|Win32
		{7B7810C9-561D-4B74-8974-75E65140927C}.Debug|x86.Build.0 = Debug|Win32
		{7B7810C9-561D-4B74-8974-75E65140927C}.Release|x64.ActiveCfg = Release|x64
		{7B7810C9-561D-4B74-8974-75E65140927C}.Release|x64.Build.0 = Release|x64
		{7B7810C9-561D-4B74-8974-75E65140927C}.Release|x86.ActiveCfg = Release|Win32
		{7B7810C9-561D-4B74-8974-75E65140927C}.Release|x86.Build.0 = Release|Win32
		{BFEE58AC-E04A-4DB5-8586-EC6DE8ADB772}.Debug|x64.ActiveCfg = Debug|x64
		{BFEE58AC-E04A-4DB5-8586-EC6DE8ADB772}.Debug|x64.Build.0 = Debug|x64
		{BFEE58AC-E04A-4DB5-8586-EC6DE8ADB772}.Debug|x86.ActiveCfg = Debug|Win32
		{BFEE58AC-E04A-4DB5-8586-EC6DE8ADB772}.Debug|x86.Build.0 = Debug|Win32
		{BFEE58AC-E04A-4DB5-8586-EC6DE8ADB772}.Release|x64.ActiveCfg = Release|x64
		{BFEE58AC-E04A-4DB5-8586-EC6DE8ADB772}.Release|x64.Build.0 = Release|x64
		{BFEE58AC-E04A-4DB5-8586-EC6DE8ADB772}.Release|x86.ActiveCfg = Release|Win32
		{BFEE58AC-E04A-4DB5-8586-EC6DE8ADB772}.Release|x86.Build.0 = Release|Win32
		{F6785408-53E1-4A28-AEFC-53947F943313}.Debug|x64.ActiveCfg = Debug|x64
		{F6785408-53E1-4A28-AEFC-53947F943313}.Debug|x64.Build.0 = Debug|x64
		{F6785408-53E1-4A28-AEFC-53947F943313}.Debug|x86.ActiveCfg = Debug|Win32
		{F6785408-53E1-4A28-AEFC-53947F943313}.Debug|x86.Build.0 = Debug|Win32
		{F6785408-53E1-4A28-AEFC-53947F943313}.Release|x64.ActiveCfg = Release|x64
		{F6785408-53E1-4A28-AEFC-53947F943313}.Release|x64.Build.0 = Release|x64
		{F6785408-53E1-4A28-AEFC-53947F943313}.Release|x86.ActiveCfg = Release|Win32
		{F6785408-53E1-4A28-AEFC-53947F943313}.Release|x86.Build.0 = Release|Win32
		{B49B1FD7-A403-4821-B927-8DB27CD3B4FB}.Debug|x64.ActiveCfg = Debug|x64
		{B49B1FD7-A403-4821-B927-8DB27CD3B4FB}.Debug|x64.Build.0 = Debug|x64
		{B49B1FD7-A403-4821-B927-8DB27CD3B4FB}.Debug|x86.ActiveCfg = Debug|Win32
		{B49B1FD7-A403-4821-B927-8DB27CD3B4FB}.Debug|x86.Build.0 = Debug|Win32
		{B49B1FD7-A403-4821-B927-8DB27CD3B4FB}.Release|x64.ActiveCfg = Release|x64
		{B49B1FD7-A403-4821-B927-8DB27CD3B4FB}.Release|x64.Build.0 = Release|x64
		{B49B1FD7-A403-4821-B927-8DB27CD3B4FB}.Release|x86.ActiveCfg = Release|Win32
		{B49B1FD7-A403-4821-B927-8DB27CD3B4FB}.Release|x86.Build.0 = Release|Win32
	EndGlobalSection
	GlobalSection(SolutionProperties) = preSolution
		HideSolutionNode = FALSE
	EndGlobalSection
	GlobalSection(ExtensibilityGlobals) = postSolution
		SolutionGuid = {64726AAD-E3F9-4242-BD70-0F368F8E19C1}
	EndGlobalSection
EndGlobal
